
Microsoft Visual Studio Solution File, Format Version 12.00
# Visual Studio Version 17
VisualStudioVersion = 17.12.35527.113 d17.12
MinimumVisualStudioVersion = 10.0.40219.1
Project("{FAE04EC0-301F-11D3-BF4B-00C04F79EFBC}") = "WebApplication2", "WebApplication2\WebApplication2.csproj", "{6E01B6B0-0D23-491F-BC8D-278C1DC6D54E}"
EndProject
Project("{FAE04EC0-301F-11D3-BF4B-00C04F79EFBC}") = "ApplicationLayer", "ApplicationLayer\ApplicationLayer.csproj", "{A96D83F7-72CE-4D09-9F9C-9DBB256F38C8}"
EndProject
Project("{FAE04EC0-301F-11D3-BF4B-00C04F79EFBC}") = "Models", "Models\Models.csproj", "{65B50EA3-6AC9-47CA-869F-A432C5A0DB2D}"
EndProject
Global
	GlobalSection(SolutionConfigurationPlatforms) = preSolution
		Debug|Any CPU = Debug|Any CPU
		Release|Any CPU = Release|Any CPU
	EndGlobalSection
	GlobalSection(ProjectConfigurationPlatforms) = postSolution
		{6E01B6B0-0D23-491F-BC8D-278C1DC6D54E}.Debug|Any CPU.ActiveCfg = Debug|Any CPU
		{6E01B6B0-0D23-491F-BC8D-278C1DC6D54E}.Debug|Any CPU.Build.0 = Debug|Any CPU
		{6E01B6B0-0D23-491F-BC8D-278C1DC6D54E}.Release|Any CPU.ActiveCfg = Release|Any CPU
		{6E01B6B0-0D23-491F-BC8D-278C1DC6D54E}.Release|Any CPU.Build.0 = Release|Any CPU
		{A96D83F7-72CE-4D09-9F9C-9DBB256F38C8}.Debug|Any CPU.ActiveCfg = Debug|Any CPU
		{A96D83F7-72CE-4D09-9F9C-9DBB256F38C8}.Debug|Any CPU.Build.0 = Debug|Any CPU
		{A96D83F7-72CE-4D09-9F9C-9DBB256F38C8}.Release|Any CPU.ActiveCfg = Release|Any CPU
		{A96D83F7-72CE-4D09-9F9C-9DBB256F38C8}.Release|Any CPU.Build.0 = Release|Any CPU
		{65B50EA3-6AC9-47CA-869F-A432C5A0DB2D}.Debug|Any CPU.ActiveCfg = Debug|Any CPU
		{65B50EA3-6AC9-47CA-869F-A432C5A0DB2D}.Debug|Any CPU.Build.0 = Debug|Any CPU
		{65B50EA3-6AC9-47CA-869F-A432C5A0DB2D}.Release|Any CPU.ActiveCfg = Release|Any CPU
		{65B50EA3-6AC9-47CA-869F-A432C5A0DB2D}.Release|Any CPU.Build.0 = Release|Any CPU
	EndGlobalSection
	GlobalSection(SolutionProperties) = preSolution
		HideSolutionNode = FALSE
	EndGlobalSection
EndGlobal
